Microsoft Visual Studio Solution File, Format Version 12.00
# Visual Studio Version 17
VisualStudioVersion = 17.11.35222.181
MinimumVisualStudioVersion = 10.0.40219.1
Project("{9A19103F-16F7-4668-BE54-9A1E7A4F7556}") = "MovieApp.Web", "MovieApp.Web\MovieApp.Web.csproj", "{C18984DA-13FE-4151-846D-1AD7FF141516}"
EndProject
Project("{FAE04EC0-301F-11D3-BF4B-00C04F79EFBC}") = "LINQSampless", "LINQSampless\LINQSampless.csproj", "{B8CB7A85-A93F-44E9-AA6D-9B32C5CF9801}"
EndProject
Global
	GlobalSection(SolutionConfigurationPlatforms) = preSolution
		Debug|Any CPU = Debug|Any CPU
		Release|Any CPU = Release|Any CPU
	EndGlobalSection
	GlobalSection(ProjectConfigurationPlatforms) = postSolution
		{C18984DA-13FE-4151-846D-1AD7FF141516}.Debug|Any CPU.ActiveCfg = Debug|Any CPU
		{C18984DA-13FE-4151-846D-1AD7FF141516}.Debug|Any CPU.Build.0 = Debug|Any CPU
		{C18984DA-13FE-4151-846D-1AD7FF141516}.Release|Any CPU.ActiveCfg = Release|Any CPU
		{C18984DA-13FE-4151-846D-1AD7FF141516}.Release|Any CPU.Build.0 = Release|Any CPU
		{B8CB7A85-A93F-44E9-AA6D-9B32C5CF9801}.Debug|Any CPU.ActiveCfg = Debug|Any CPU
		{B8CB7A85-A93F-44E9-AA6D-9B32C5CF9801}.Debug|Any CPU.Build.0 = Debug|Any CPU
		{B8CB7A85-A93F-44E9-AA6D-9B32C5CF9801}.Release|Any CPU.ActiveCfg = Release|Any CPU
		{B8CB7A85-A93F-44E9-AA6D-9B32C5CF9801}.Release|Any CPU.Build.0 = Release|Any CPU
	EndGlobalSection
	GlobalSection(SolutionProperties) = preSolution
		HideSolutionNode = FALSE
	EndGlobalSection
	GlobalSection(ExtensibilityGlobals) = postSolution
		SolutionGuid = {ECA6BDC8-828B-418D-809E-2BBA1E0C109D}
	EndGlobalSection
EndGlobal
